
Microsoft Visual Studio Solution File, Format Version 12.00
# Visual Studio Version 17
VisualStudioVersion = 17.0.31612.314
MinimumVisualStudioVersion = 10.0.40219.1
Project("{FAE04EC0-301F-11D3-BF4B-00C04F79EFBC}") = "WeatherApp", "WeatherApp\WeatherApp.csproj", "{B8D77344-D504-463D-9CE9-053080AA7306}"
EndProject
Global
	GlobalSection(SolutionConfigurationPlatforms) = preSolution
		Debug|Any CPU = Debug|Any CPU
		Release|Any CPU = Release|Any CPU
	EndGlobalSection
	GlobalSection(ProjectConfigurationPlatforms) = postSolution
		{B8D77344-D504-463D-9CE9-053080AA7306}.Debug|Any CPU.ActiveCfg = Debug|Any CPU
		{B8D77344-D504-463D-9CE9-053080AA7306}.Debug|Any CPU.Build.0 = Debug|Any CPU
		{B8D77344-D504-463D-9CE9-053080AA7306}.Release|Any CPU.ActiveCfg = Release|Any CPU
		{B8D77344-D504-463D-9CE9-053080AA7306}.Release|Any CPU.Build.0 = Release|Any CPU
	EndGlobalSection
	GlobalSection(SolutionProperties) = preSolution
		HideSolutionNode = FALSE
	EndGlobalSection
	GlobalSection(ExtensibilityGlobals) = postSolution
		SolutionGuid = {94E5073D-73F4-4310-A884-82E9180C257C}
	EndGlobalSection
EndGlobal
